
Microsoft Visual Studio Solution File, Format Version 12.00
# Visual Studio Version 16
VisualStudioVersion = 16.0.31624.102
MinimumVisualStudioVersion = 10.0.40219.1
Project("{FAE04EC0-301F-11D3-BF4B-00C04F79EFBC}") = "Practical-8", "Practical-8\Practical-8.csproj", "{BCEB155C-C02D-4659-A659-FCE346C6EED4}"
EndProject
Global
	GlobalSection(SolutionConfigurationPlatforms) = preSolution
		Debug|Any CPU = Debug|Any CPU
		Release|Any CPU = Release|Any CPU
	EndGlobalSection
	GlobalSection(ProjectConfigurationPlatforms) = postSolution
		{BCEB155C-C02D-4659-A659-FCE346C6EED4}.Debug|Any CPU.ActiveCfg = Debug|Any CPU
		{BCEB155C-C02D-4659-A659-FCE346C6EED4}.Debug|Any CPU.Build.0 = Debug|Any CPU
		{BCEB155C-C02D-4659-A659-FCE346C6EED4}.Release|Any CPU.ActiveCfg = Release|Any CPU
		{BCEB155C-C02D-4659-A659-FCE346C6EED4}.Release|Any CPU.Build.0 = Release|Any CPU
	EndGlobalSection
	GlobalSection(SolutionProperties) = preSolution
		HideSolutionNode = FALSE
	EndGlobalSection
	GlobalSection(ExtensibilityGlobals) = postSolution
		SolutionGuid = {44ACC5C5-E127-4501-A706-9389C051841C}
	EndGlobalSection
EndGlobal
