
Microsoft Visual Studio Solution File, Format Version 12.00
# Visual Studio Version 16
VisualStudioVersion = 16.0.32228.343
MinimumVisualStudioVersion = 10.0.40219.1
Project("{FAE04EC0-301F-11D3-BF4B-00C04F79EFBC}") = "Practical-12", "Practical-12\Practical-12.csproj", "{45506520-40C4-4594-9059-D023D50030BE}"
EndProject
Global
	GlobalSection(SolutionConfigurationPlatforms) = preSolution
		Debug|Any CPU = Debug|Any CPU
		Release|Any CPU = Release|Any CPU
	EndGlobalSection
	GlobalSection(ProjectConfigurationPlatforms) = postSolution
		{45506520-40C4-4594-9059-D023D50030BE}.Debug|Any CPU.ActiveCfg = Debug|Any CPU
		{45506520-40C4-4594-9059-D023D50030BE}.Debug|Any CPU.Build.0 = Debug|Any CPU
		{45506520-40C4-4594-9059-D023D50030BE}.Release|Any CPU.ActiveCfg = Release|Any CPU
		{45506520-40C4-4594-9059-D023D50030BE}.Release|Any CPU.Build.0 = Release|Any CPU
	EndGlobalSection
	GlobalSection(SolutionProperties) = preSolution
		HideSolutionNode = FALSE
	EndGlobalSection
	GlobalSection(ExtensibilityGlobals) = postSolution
		SolutionGuid = {6CB1970D-C3C3-46C1-832C-6E1555F65DCE}
	EndGlobalSection
EndGlobal
